
Microsoft Visual Studio Solution File, Format Version 12.00
# Visual Studio Version 17
VisualStudioVersion = 17.5.002.0
MinimumVisualStudioVersion = 10.0.40219.1
Project("{9A19103F-16F7-4668-BE54-9A1E7A4F7556}") = "package", "package.csproj", "{A05BACC3-968F-46FD-9848-66BCDEAB9E80}"
EndProject
Project("{2150E333-8FDC-42A3-9474-1A3956D46DE8}") = "templates", "templates", "{72EC5A83-DEED-44EE-839A-F23F46E60279}"
EndProject
Project("{9A19103F-16F7-4668-BE54-9A1E7A4F7556}") = "EmptyProject", "templates\DPB2\EmptyProject.csproj", "{B3189BA3-F68D-4B6F-AD1E-6D34A96BA3CD}"
EndProject
Global
	GlobalSection(SolutionConfigurationPlatforms) = preSolution
		Debug|Any CPU = Debug|Any CPU
		Release|Any CPU = Release|Any CPU
	EndGlobalSection
	GlobalSection(ProjectConfigurationPlatforms) = postSolution
		{A05BACC3-968F-46FD-9848-66BCDEAB9E80}.Debug|Any CPU.ActiveCfg = Debug|Any CPU
		{A05BACC3-968F-46FD-9848-66BCDEAB9E80}.Debug|Any CPU.Build.0 = Debug|Any CPU
		{A05BACC3-968F-46FD-9848-66BCDEAB9E80}.Release|Any CPU.ActiveCfg = Release|Any CPU
		{A05BACC3-968F-46FD-9848-66BCDEAB9E80}.Release|Any CPU.Build.0 = Release|Any CPU
		{B3189BA3-F68D-4B6F-AD1E-6D34A96BA3CD}.Debug|Any CPU.ActiveCfg = Debug|Any CPU
		{B3189BA3-F68D-4B6F-AD1E-6D34A96BA3CD}.Debug|Any CPU.Build.0 = Debug|Any CPU
		{B3189BA3-F68D-4B6F-AD1E-6D34A96BA3CD}.Release|Any CPU.ActiveCfg = Release|Any CPU
		{B3189BA3-F68D-4B6F-AD1E-6D34A96BA3CD}.Release|Any CPU.Build.0 = Release|Any CPU
	EndGlobalSection
	GlobalSection(SolutionProperties) = preSolution
		HideSolutionNode = FALSE
	EndGlobalSection
	GlobalSection(NestedProjects) = preSolution
		{B3189BA3-F68D-4B6F-AD1E-6D34A96BA3CD} = {72EC5A83-DEED-44EE-839A-F23F46E60279}
	EndGlobalSection
	GlobalSection(ExtensibilityGlobals) = postSolution
		SolutionGuid = {41CB61D0-357E-484F-8916-F53521E27F3E}
	EndGlobalSection
EndGlobal
